// !$*UTF8*$!
{
	archiveVersion = 1;
	classes = {
	};
	objectVersion = 48;
	objects = {

/* Begin PBXBuildFile section */
		1DE8080564805DD63BDED175 /* Pods_MoonAlarm.framework in Frameworks */ = {isa = PBXBuildFile; fileRef = BB536FAF4678E609899C8429 /* Pods_MoonAlarm.framework */; };
		BE390B8D2001488D00CFD46B /* AppDelegate.swift in Sources */ = {isa = PBXBuildFile; fileRef = BE390B8C2001488D00CFD46B /* AppDelegate.swift */; };
		BE390B922001488D00CFD46B /* Main.storyboard in Resources */ = {isa = PBXBuildFile; fileRef = BE390B902001488D00CFD46B /* Main.storyboard */; };
		BE390B942001488D00CFD46B /* Assets.xcassets in Resources */ = {isa = PBXBuildFile; fileRef = BE390B932001488D00CFD46B /* Assets.xcassets */; };
		BE390B972001488D00CFD46B /* LaunchScreen.storyboard in Resources */ = {isa = PBXBuildFile; fileRef = BE390B952001488D00CFD46B /* LaunchScreen.storyboard */; };
		BE390BA020015AD500CFD46B /* BinanceAPI.swift in Sources */ = {isa = PBXBuildFile; fileRef = BE390B9F20015AD500CFD46B /* BinanceAPI.swift */; };
		BE390BA220024B0100CFD46B /* CandleStick.swift in Sources */ = {isa = PBXBuildFile; fileRef = BE390BA120024B0100CFD46B /* CandleStick.swift */; };
		BE390BA62002507B00CFD46B /* MoonAlarmTableViewController.swift in Sources */ = {isa = PBXBuildFile; fileRef = BE390BA52002507B00CFD46B /* MoonAlarmTableViewController.swift */; };
		BE9E3C9420043429005D531C /* CandleSticks.swift in Sources */ = {isa = PBXBuildFile; fileRef = BE9E3C9320043429005D531C /* CandleSticks.swift */; };
		BE9E3C9620044CD9005D531C /* TimeAliases.swift in Sources */ = {isa = PBXBuildFile; fileRef = BE9E3C9520044CD9005D531C /* TimeAliases.swift */; };
		BE9E3C9B20045189005D531C /* MarketSnapshot.swift in Sources */ = {isa = PBXBuildFile; fileRef = BE9E3C9A20045189005D531C /* MarketSnapshot.swift */; };
		BE9E3C9D200452A9005D531C /* PercentAlias.swift in Sources */ = {isa = PBXBuildFile; fileRef = BE9E3C9C200452A9005D531C /* PercentAlias.swift */; };
		BE9E3C9F20045467005D531C /* MarketSnapshots.swift in Sources */ = {isa = PBXBuildFile; fileRef = BE9E3C9E20045467005D531C /* MarketSnapshots.swift */; };
		BE9E3CA1200588BA005D531C /* TradeSession.swift in Sources */ = {isa = PBXBuildFile; fileRef = BE9E3CA0200588BA005D531C /* TradeSession.swift */; };
		BE9E3CA420058F3B005D531C /* Trade.swift in Sources */ = {isa = PBXBuildFile; fileRef = BE9E3CA320058F3B005D531C /* Trade.swift */; };
		BE9E3CA720059458005D531C /* Trades.swift in Sources */ = {isa = PBXBuildFile; fileRef = BE9E3CA620059458005D531C /* Trades.swift */; };
		BE9E3CA92006867E005D531C /* OrderBook.swift in Sources */ = {isa = PBXBuildFile; fileRef = BE9E3CA82006867E005D531C /* OrderBook.swift */; };
		BE9E3CAB200686CE005D531C /* Order.swift in Sources */ = {isa = PBXBuildFile; fileRef = BE9E3CAA200686CE005D531C /* Order.swift */; };
		BEF49624200978CE00501C5C /* TradeStrategy.swift in Sources */ = {isa = PBXBuildFile; fileRef = BEF49623200978CE00501C5C /* TradeStrategy.swift */; };
		BEF496262009791900501C5C /* TradeEnterExitCriteria.swift in Sources */ = {isa = PBXBuildFile; fileRef = BEF496252009791900501C5C /* TradeEnterExitCriteria.swift */; };
		BEF4962C20097ED000501C5C /* IncreasedVolumeCriterion.swift in Sources */ = {isa = PBXBuildFile; fileRef = BEF4962B20097ED000501C5C /* IncreasedVolumeCriterion.swift */; };
		BEF4962E2009826400501C5C /* TradeEnterCriterion.swift in Sources */ = {isa = PBXBuildFile; fileRef = BEF4962D2009826400501C5C /* TradeEnterCriterion.swift */; };
		BEF49630200984DE00501C5C /* TradeExitCriterion.swift in Sources */ = {isa = PBXBuildFile; fileRef = BEF4962F200984DE00501C5C /* TradeExitCriterion.swift */; };
		BEF49632200989B800501C5C /* SpareRunwayCriterion.swift in Sources */ = {isa = PBXBuildFile; fileRef = BEF49631200989B800501C5C /* SpareRunwayCriterion.swift */; };
		BEF4963420098E4600501C5C /* MinVolumeCriterion.swift in Sources */ = {isa = PBXBuildFile; fileRef = BEF4963320098E4600501C5C /* MinVolumeCriterion.swift */; };
		BEF49636200A336500501C5C /* ExchangeClock.swift in Sources */ = {isa = PBXBuildFile; fileRef = BEF49635200A336500501C5C /* ExchangeClock.swift */; };
		BEF4963A200A621A00501C5C /* FallwaySupportCriterion.swift in Sources */ = {isa = PBXBuildFile; fileRef = BEF49639200A621A00501C5C /* FallwaySupportCriterion.swift */; };
		BEF4963E200A9FC600501C5C /* TimeLimitProfitableCriterion.swift in Sources */ = {isa = PBXBuildFile; fileRef = BEF4963D200A9FC600501C5C /* TimeLimitProfitableCriterion.swift */; };
		BEF49640200AA6A400501C5C /* TimeLimitUnprofitableCriterion.swift in Sources */ = {isa = PBXBuildFile; fileRef = BEF4963F200AA6A400501C5C /* TimeLimitUnprofitableCriterion.swift */; };
		BEF49646200AABC400501C5C /* ProfitPercentCriterion.swift in Sources */ = {isa = PBXBuildFile; fileRef = BEF49645200AABC400501C5C /* ProfitPercentCriterion.swift */; };
		BEF49648200AAC4E00501C5C /* LossPercentCriterion.swift in Sources */ = {isa = PBXBuildFile; fileRef = BEF49647200AAC4E00501C5C /* LossPercentCriterion.swift */; };
/* End PBXBuildFile section */

/* Begin PBXFileReference section */
		12326CE732BB79C8E07E3DF8 /* Pods-MoonAlarm.debug.xcconfig */ = {isa = PBXFileReference; includeInIndex = 1; lastKnownFileType = text.xcconfig; name = "Pods-MoonAlarm.debug.xcconfig"; path = "Pods/Target Support Files/Pods-MoonAlarm/Pods-MoonAlarm.debug.xcconfig"; sourceTree = "<group>"; };
		3C27DFFC651EBF346E22BAD9 /* Pods-MoonAlarm.release.xcconfig */ = {isa = PBXFileReference; includeInIndex = 1; lastKnownFileType = text.xcconfig; name = "Pods-MoonAlarm.release.xcconfig"; path = "Pods/Target Support Files/Pods-MoonAlarm/Pods-MoonAlarm.release.xcconfig"; sourceTree = "<group>"; };
		BB536FAF4678E609899C8429 /* Pods_MoonAlarm.framework */ = {isa = PBXFileReference; explicitFileType = wrapper.framework; includeInIndex = 0; path = Pods_MoonAlarm.framework; sourceTree = BUILT_PRODUCTS_DIR; };
		BE390B892001488D00CFD46B /* MoonAlarm.app */ = {isa = PBXFileReference; explicitFileType = wrapper.application; includeInIndex = 0; path = MoonAlarm.app; sourceTree = BUILT_PRODUCTS_DIR; };
		BE390B8C2001488D00CFD46B /* AppDelegate.swift */ = {isa = PBXFileReference; lastKnownFileType = sourcecode.swift; path = AppDelegate.swift; sourceTree = "<group>"; };
		BE390B912001488D00CFD46B /* Base */ = {isa = PBXFileReference; lastKnownFileType = file.storyboard; name = Base; path = Base.lproj/Main.storyboard; sourceTree = "<group>"; };
		BE390B932001488D00CFD46B /* Assets.xcassets */ = {isa = PBXFileReference; lastKnownFileType = folder.assetcatalog; path = Assets.xcassets; sourceTree = "<group>"; };
		BE390B962001488D00CFD46B /* Base */ = {isa = PBXFileReference; lastKnownFileType = file.storyboard; name = Base; path = Base.lproj/LaunchScreen.storyboard; sourceTree = "<group>"; };
		BE390B982001488D00CFD46B /* Info.plist */ = {isa = PBXFileReference; lastKnownFileType = text.plist.xml; path = Info.plist; sourceTree = "<group>"; };
		BE390B9F20015AD500CFD46B /* BinanceAPI.swift */ = {isa = PBXFileReference; lastKnownFileType = sourcecode.swift; path = BinanceAPI.swift; sourceTree = "<group>"; };
		BE390BA120024B0100CFD46B /* CandleStick.swift */ = {isa = PBXFileReference; lastKnownFileType = sourcecode.swift; path = CandleStick.swift; sourceTree = "<group>"; };
		BE390BA52002507B00CFD46B /* MoonAlarmTableViewController.swift */ = {isa = PBXFileReference; lastKnownFileType = sourcecode.swift; path = MoonAlarmTableViewController.swift; sourceTree = "<group>"; };
		BE9E3C9320043429005D531C /* CandleSticks.swift */ = {isa = PBXFileReference; lastKnownFileType = sourcecode.swift; path = CandleSticks.swift; sourceTree = "<group>"; };
		BE9E3C9520044CD9005D531C /* TimeAliases.swift */ = {isa = PBXFileReference; lastKnownFileType = sourcecode.swift; path = TimeAliases.swift; sourceTree = "<group>"; };
		BE9E3C9A20045189005D531C /* MarketSnapshot.swift */ = {isa = PBXFileReference; lastKnownFileType = sourcecode.swift; path = MarketSnapshot.swift; sourceTree = "<group>"; };
		BE9E3C9C200452A9005D531C /* PercentAlias.swift */ = {isa = PBXFileReference; lastKnownFileType = sourcecode.swift; path = PercentAlias.swift; sourceTree = "<group>"; };
		BE9E3C9E20045467005D531C /* MarketSnapshots.swift */ = {isa = PBXFileReference; lastKnownFileType = sourcecode.swift; path = MarketSnapshots.swift; sourceTree = "<group>"; };
		BE9E3CA0200588BA005D531C /* TradeSession.swift */ = {isa = PBXFileReference; lastKnownFileType = sourcecode.swift; path = TradeSession.swift; sourceTree = "<group>"; };
		BE9E3CA320058F3B005D531C /* Trade.swift */ = {isa = PBXFileReference; lastKnownFileType = sourcecode.swift; path = Trade.swift; sourceTree = "<group>"; };
		BE9E3CA620059458005D531C /* Trades.swift */ = {isa = PBXFileReference; lastKnownFileType = sourcecode.swift; path = Trades.swift; sourceTree = "<group>"; };
		BE9E3CA82006867E005D531C /* OrderBook.swift */ = {isa = PBXFileReference; lastKnownFileType = sourcecode.swift; path = OrderBook.swift; sourceTree = "<group>"; };
		BE9E3CAA200686CE005D531C /* Order.swift */ = {isa = PBXFileReference; lastKnownFileType = sourcecode.swift; path = Order.swift; sourceTree = "<group>"; };
		BEF49623200978CE00501C5C /* TradeStrategy.swift */ = {isa = PBXFileReference; lastKnownFileType = sourcecode.swift; path = TradeStrategy.swift; sourceTree = "<group>"; };
		BEF496252009791900501C5C /* TradeEnterExitCriteria.swift */ = {isa = PBXFileReference; lastKnownFileType = sourcecode.swift; path = TradeEnterExitCriteria.swift; sourceTree = "<group>"; };
		BEF4962B20097ED000501C5C /* IncreasedVolumeCriterion.swift */ = {isa = PBXFileReference; lastKnownFileType = sourcecode.swift; path = IncreasedVolumeCriterion.swift; sourceTree = "<group>"; };
		BEF4962D2009826400501C5C /* TradeEnterCriterion.swift */ = {isa = PBXFileReference; lastKnownFileType = sourcecode.swift; path = TradeEnterCriterion.swift; sourceTree = "<group>"; };
		BEF4962F200984DE00501C5C /* TradeExitCriterion.swift */ = {isa = PBXFileReference; lastKnownFileType = sourcecode.swift; path = TradeExitCriterion.swift; sourceTree = "<group>"; };
		BEF49631200989B800501C5C /* SpareRunwayCriterion.swift */ = {isa = PBXFileReference; lastKnownFileType = sourcecode.swift; path = SpareRunwayCriterion.swift; sourceTree = "<group>"; };
		BEF4963320098E4600501C5C /* MinVolumeCriterion.swift */ = {isa = PBXFileReference; lastKnownFileType = sourcecode.swift; path = MinVolumeCriterion.swift; sourceTree = "<group>"; };
		BEF49635200A336500501C5C /* ExchangeClock.swift */ = {isa = PBXFileReference; lastKnownFileType = sourcecode.swift; path = ExchangeClock.swift; sourceTree = "<group>"; };
		BEF49639200A621A00501C5C /* FallwaySupportCriterion.swift */ = {isa = PBXFileReference; lastKnownFileType = sourcecode.swift; path = FallwaySupportCriterion.swift; sourceTree = "<group>"; };
		BEF4963D200A9FC600501C5C /* TimeLimitProfitableCriterion.swift */ = {isa = PBXFileReference; lastKnownFileType = sourcecode.swift; path = TimeLimitProfitableCriterion.swift; sourceTree = "<group>"; };
		BEF4963F200AA6A400501C5C /* TimeLimitUnprofitableCriterion.swift */ = {isa = PBXFileReference; lastKnownFileType = sourcecode.swift; path = TimeLimitUnprofitableCriterion.swift; sourceTree = "<group>"; };
		BEF49645200AABC400501C5C /* ProfitPercentCriterion.swift */ = {isa = PBXFileReference; lastKnownFileType = sourcecode.swift; path = ProfitPercentCriterion.swift; sourceTree = "<group>"; };
		BEF49647200AAC4E00501C5C /* LossPercentCriterion.swift */ = {isa = PBXFileReference; lastKnownFileType = sourcecode.swift; path = LossPercentCriterion.swift; sourceTree = "<group>"; };
/* End PBXFileReference section */

/* Begin PBXFrameworksBuildPhase section */
		BE390B862001488D00CFD46B /* Frameworks */ = {
			isa = PBXFrameworksBuildPhase;
			buildActionMask = 2147483647;
			files = (
				1DE8080564805DD63BDED175 /* Pods_MoonAlarm.framework in Frameworks */,
			);
			runOnlyForDeploymentPostprocessing = 0;
		};
/* End PBXFrameworksBuildPhase section */

/* Begin PBXGroup section */
		0863ED533BC0137F179C2FD5 /* Frameworks */ = {
			isa = PBXGroup;
			children = (
				BB536FAF4678E609899C8429 /* Pods_MoonAlarm.framework */,
			);
			name = Frameworks;
			sourceTree = "<group>";
		};
		8CE19EB6F85AED5810747D89 /* Pods */ = {
			isa = PBXGroup;
			children = (
				12326CE732BB79C8E07E3DF8 /* Pods-MoonAlarm.debug.xcconfig */,
				3C27DFFC651EBF346E22BAD9 /* Pods-MoonAlarm.release.xcconfig */,
			);
			name = Pods;
			sourceTree = "<group>";
		};
		BE390B802001488D00CFD46B = {
			isa = PBXGroup;
			children = (
				BE390B8B2001488D00CFD46B /* MoonAlarm */,
				BE390B8A2001488D00CFD46B /* Products */,
				8CE19EB6F85AED5810747D89 /* Pods */,
				0863ED533BC0137F179C2FD5 /* Frameworks */,
			);
			sourceTree = "<group>";
		};
		BE390B8A2001488D00CFD46B /* Products */ = {
			isa = PBXGroup;
			children = (
				BE390B892001488D00CFD46B /* MoonAlarm.app */,
			);
			name = Products;
			sourceTree = "<group>";
		};
		BE390B8B2001488D00CFD46B /* MoonAlarm */ = {
			isa = PBXGroup;
			children = (
				BE390B8C2001488D00CFD46B /* AppDelegate.swift */,
				BE390B932001488D00CFD46B /* Assets.xcassets */,
				BE390B952001488D00CFD46B /* LaunchScreen.storyboard */,
				BE390B982001488D00CFD46B /* Info.plist */,
				BE9E3C9720044FA1005D531C /* Connections */,
				BE390B9E20015ABE00CFD46B /* Models */,
				BE390BA320024F8100CFD46B /* View Controllers */,
				BE390BA420024FA500CFD46B /* Views */,
			);
			path = MoonAlarm;
			sourceTree = "<group>";
		};
		BE390B9E20015ABE00CFD46B /* Models */ = {
			isa = PBXGroup;
			children = (
				BE9E3C9820044FC1005D531C /* General */,
				BE9E3CA220058E09005D531C /* Market Data */,
				BEF496272009791D00501C5C /* Trade Strategy */,
				BE9E3C9920044FC8005D531C /* Trading */,
			);
			path = Models;
			sourceTree = "<group>";
		};
		BE390BA320024F8100CFD46B /* View Controllers */ = {
			isa = PBXGroup;
			children = (
				BE390BA52002507B00CFD46B /* MoonAlarmTableViewController.swift */,
			);
			path = "View Controllers";
			sourceTree = "<group>";
		};
		BE390BA420024FA500CFD46B /* Views */ = {
			isa = PBXGroup;
			children = (
				BE390B902001488D00CFD46B /* Main.storyboard */,
			);
			path = Views;
			sourceTree = "<group>";
		};
		BE9E3C9720044FA1005D531C /* Connections */ = {
			isa = PBXGroup;
			children = (
				BE390B9F20015AD500CFD46B /* BinanceAPI.swift */,
			);
			path = Connections;
			sourceTree = "<group>";
		};
		BE9E3C9820044FC1005D531C /* General */ = {
			isa = PBXGroup;
			children = (
				BE9E3C9520044CD9005D531C /* TimeAliases.swift */,
				BE9E3C9C200452A9005D531C /* PercentAlias.swift */,
			);
			path = General;
			sourceTree = "<group>";
		};
		BE9E3C9920044FC8005D531C /* Trading */ = {
			isa = PBXGroup;
			children = (
				BE9E3CA0200588BA005D531C /* TradeSession.swift */,
				BE9E3CA320058F3B005D531C /* Trade.swift */,
				BE9E3CA620059458005D531C /* Trades.swift */,
			);
			path = Trading;
			sourceTree = "<group>";
		};
		BE9E3CA220058E09005D531C /* Market Data */ = {
			isa = PBXGroup;
			children = (
				BE9E3C9320043429005D531C /* CandleSticks.swift */,
				BE390BA120024B0100CFD46B /* CandleStick.swift */,
				BE9E3C9A20045189005D531C /* MarketSnapshot.swift */,
				BE9E3C9E20045467005D531C /* MarketSnapshots.swift */,
				BE9E3CA82006867E005D531C /* OrderBook.swift */,
				BE9E3CAA200686CE005D531C /* Order.swift */,
				BEF49635200A336500501C5C /* ExchangeClock.swift */,
			);
			path = "Market Data";
			sourceTree = "<group>";
		};
		BEF496272009791D00501C5C /* Trade Strategy */ = {
			isa = PBXGroup;
			children = (
				BEF49623200978CE00501C5C /* TradeStrategy.swift */,
				BEF4962A200979BF00501C5C /* Criteria */,
			);
			path = "Trade Strategy";
			sourceTree = "<group>";
		};
		BEF496282009799900501C5C /* Enter Criteria */ = {
			isa = PBXGroup;
			children = (
				BEF4962B20097ED000501C5C /* IncreasedVolumeCriterion.swift */,
				BEF49631200989B800501C5C /* SpareRunwayCriterion.swift */,
				BEF4963320098E4600501C5C /* MinVolumeCriterion.swift */,
				BEF49639200A621A00501C5C /* FallwaySupportCriterion.swift */,
			);
			path = "Enter Criteria";
			sourceTree = "<group>";
		};
		BEF49629200979A100501C5C /* Exit Criteria */ = {
			isa = PBXGroup;
			children = (
				BEF4963D200A9FC600501C5C /* TimeLimitProfitableCriterion.swift */,
				BEF4963F200AA6A400501C5C /* TimeLimitUnprofitableCriterion.swift */,
				BEF49645200AABC400501C5C /* ProfitPercentCriterion.swift */,
				BEF49647200AAC4E00501C5C /* LossPercentCriterion.swift */,
			);
			path = "Exit Criteria";
			sourceTree = "<group>";
		};
		BEF4962A200979BF00501C5C /* Criteria */ = {
			isa = PBXGroup;
			children = (
				BEF496252009791900501C5C /* TradeEnterExitCriteria.swift */,
				BEF4962D2009826400501C5C /* TradeEnterCriterion.swift */,
				BEF4962F200984DE00501C5C /* TradeExitCriterion.swift */,
				BEF496282009799900501C5C /* Enter Criteria */,
				BEF49629200979A100501C5C /* Exit Criteria */,
			);
			path = Criteria;
			sourceTree = "<group>";
		};
/* End PBXGroup section */

/* Begin PBXNativeTarget section */
		BE390B882001488D00CFD46B /* MoonAlarm */ = {
			isa = PBXNativeTarget;
			buildConfigurationList = BE390B9B2001488D00CFD46B /* Build configuration list for PBXNativeTarget "MoonAlarm" */;
			buildPhases = (
				DC8B1F561A13116DBAF7DFA7 /* [CP] Check Pods Manifest.lock */,
				BE390B852001488D00CFD46B /* Sources */,
				BE390B862001488D00CFD46B /* Frameworks */,
				BE390B872001488D00CFD46B /* Resources */,
				73B75C95897BA883B95F8E2F /* [CP] Embed Pods Frameworks */,
				74B1252E793DBA76295B2914 /* [CP] Copy Pods Resources */,
			);
			buildRules = (
			);
			dependencies = (
			);
			name = MoonAlarm;
			productName = MoonAlarm;
			productReference = BE390B892001488D00CFD46B /* MoonAlarm.app */;
			productType = "com.apple.product-type.application";
		};
/* End PBXNativeTarget section */

/* Begin PBXProject section */
		BE390B812001488D00CFD46B /* Project object */ = {
			isa = PBXProject;
			attributes = {
				LastSwiftUpdateCheck = 0920;
				LastUpgradeCheck = 0920;
				ORGANIZATIONNAME = "Vaczoway Solutions";
				TargetAttributes = {
					BE390B882001488D00CFD46B = {
						CreatedOnToolsVersion = 9.2;
						ProvisioningStyle = Automatic;
					};
				};
			};
			buildConfigurationList = BE390B842001488D00CFD46B /* Build configuration list for PBXProject "MoonAlarm" */;
			compatibilityVersion = "Xcode 8.0";
			developmentRegion = en;
			hasScannedForEncodings = 0;
			knownRegions = (
				en,
				Base,
			);
			mainGroup = BE390B802001488D00CFD46B;
			productRefGroup = BE390B8A2001488D00CFD46B /* Products */;
			projectDirPath = "";
			projectRoot = "";
			targets = (
				BE390B882001488D00CFD46B /* MoonAlarm */,
			);
		};
/* End PBXProject section */

/* Begin PBXResourcesBuildPhase section */
		BE390B872001488D00CFD46B /* Resources */ = {
			isa = PBXResourcesBuildPhase;
			buildActionMask = 2147483647;
			files = (
				BE390B972001488D00CFD46B /* LaunchScreen.storyboard in Resources */,
				BE390B942001488D00CFD46B /* Assets.xcassets in Resources */,
				BE390B922001488D00CFD46B /* Main.storyboard in Resources */,
			);
			runOnlyForDeploymentPostprocessing = 0;
		};
/* End PBXResourcesBuildPhase section */

/* Begin PBXShellScriptBuildPhase section */
		73B75C95897BA883B95F8E2F /* [CP] Embed Pods Frameworks */ = {
			isa = PBXShellScriptBuildPhase;
			buildActionMask = 2147483647;
			files = (
			);
			inputPaths = (
				"${SRCROOT}/Pods/Target Support Files/Pods-MoonAlarm/Pods-MoonAlarm-frameworks.sh",
				"${BUILT_PRODUCTS_DIR}/Alamofire/Alamofire.framework",
				"${BUILT_PRODUCTS_DIR}/AlamofireSwiftyJSON/AlamofireSwiftyJSON.framework",
				"${BUILT_PRODUCTS_DIR}/SwiftyJSON/SwiftyJSON.framework",
			);
			name = "[CP] Embed Pods Frameworks";
			outputPaths = (
				"${TARGET_BUILD_DIR}/${FRAMEWORKS_FOLDER_PATH}/Alamofire.framework",
				"${TARGET_BUILD_DIR}/${FRAMEWORKS_FOLDER_PATH}/AlamofireSwiftyJSON.framework",
				"${TARGET_BUILD_DIR}/${FRAMEWORKS_FOLDER_PATH}/SwiftyJSON.framework",
			);
			runOnlyForDeploymentPostprocessing = 0;
			shellPath = /bin/sh;
			shellScript = "\"${SRCROOT}/Pods/Target Support Files/Pods-MoonAlarm/Pods-MoonAlarm-frameworks.sh\"\n";
			showEnvVarsInLog = 0;
		};
		74B1252E793DBA76295B2914 /* [CP] Copy Pods Resources */ = {
			isa = PBXShellScriptBuildPhase;
			buildActionMask = 8;
			files = (
			);
			inputPaths = (
			);
			name = "[CP] Copy Pods Resources";
			outputPaths = (
			);
			runOnlyForDeploymentPostprocessing = 1;
			shellPath = /bin/sh;
			shellScript = "\"${SRCROOT}/Pods/Target Support Files/Pods-MoonAlarm/Pods-MoonAlarm-resources.sh\"\n";
		};
		DC8B1F561A13116DBAF7DFA7 /* [CP] Check Pods Manifest.lock */ = {
			isa = PBXShellScriptBuildPhase;
			buildActionMask = 2147483647;
			files = (
			);
			inputPaths = (
				"${PODS_PODFILE_DIR_PATH}/Podfile.lock",
				"${PODS_ROOT}/Manifest.lock",
			);
			name = "[CP] Check Pods Manifest.lock";
			outputPaths = (
				"$(DERIVED_FILE_DIR)/Pods-MoonAlarm-checkManifestLockResult.txt",
			);
			runOnlyForDeploymentPostprocessing = 0;
			shellPath = /bin/sh;
			shellScript = "diff \"${PODS_PODFILE_DIR_PATH}/Podfile.lock\" \"${PODS_ROOT}/Manifest.lock\" > /dev/null\nif [ $? != 0 ] ; then\n    # print error to STDERR\n    echo \"error: The sandbox is not in sync with the Podfile.lock. Run 'pod install' or update your CocoaPods installation.\" >&2\n    exit 1\nfi\n# This output is used by Xcode 'outputs' to avoid re-running this script phase.\necho \"SUCCESS\" > \"${SCRIPT_OUTPUT_FILE_0}\"\n";
			showEnvVarsInLog = 0;
		};
/* End PBXShellScriptBuildPhase section */

/* Begin PBXSourcesBuildPhase section */
		BE390B852001488D00CFD46B /* Sources */ = {
			isa = PBXSourcesBuildPhase;
			buildActionMask = 2147483647;
			files = (
				BE390BA020015AD500CFD46B /* BinanceAPI.swift in Sources */,
				BE9E3CA420058F3B005D531C /* Trade.swift in Sources */,
				BEF496262009791900501C5C /* TradeEnterExitCriteria.swift in Sources */,
				BE9E3CA1200588BA005D531C /* TradeSession.swift in Sources */,
				BEF4963A200A621A00501C5C /* FallwaySupportCriterion.swift in Sources */,
				BEF49624200978CE00501C5C /* TradeStrategy.swift in Sources */,
				BEF49640200AA6A400501C5C /* TimeLimitUnprofitableCriterion.swift in Sources */,
				BE9E3C9F20045467005D531C /* MarketSnapshots.swift in Sources */,
				BE390BA220024B0100CFD46B /* CandleStick.swift in Sources */,
				BE9E3C9620044CD9005D531C /* TimeAliases.swift in Sources */,
				BE9E3CAB200686CE005D531C /* Order.swift in Sources */,
				BE9E3C9B20045189005D531C /* MarketSnapshot.swift in Sources */,
				BE9E3CA92006867E005D531C /* OrderBook.swift in Sources */,
				BE390BA62002507B00CFD46B /* MoonAlarmTableViewController.swift in Sources */,
				BEF4963420098E4600501C5C /* MinVolumeCriterion.swift in Sources */,
				BE390B8D2001488D00CFD46B /* AppDelegate.swift in Sources */,
				BEF4962E2009826400501C5C /* TradeEnterCriterion.swift in Sources */,
				BE9E3C9D200452A9005D531C /* PercentAlias.swift in Sources */,
				BE9E3CA720059458005D531C /* Trades.swift in Sources */,
				BEF49648200AAC4E00501C5C /* LossPercentCriterion.swift in Sources */,
				BEF4963E200A9FC600501C5C /* TimeLimitProfitableCriterion.swift in Sources */,
				BEF49636200A336500501C5C /* ExchangeClock.swift in Sources */,
				BEF49630200984DE00501C5C /* TradeExitCriterion.swift in Sources */,
				BEF49632200989B800501C5C /* SpareRunwayCriterion.swift in Sources */,
				BE9E3C9420043429005D531C /* CandleSticks.swift in Sources */,
				BEF4962C20097ED000501C5C /* IncreasedVolumeCriterion.swift in Sources */,
				BEF49646200AABC400501C5C /* ProfitPercentCriterion.swift in Sources */,
			);
			runOnlyForDeploymentPostprocessing = 0;
		};
/* End PBXSourcesBuildPhase section */

/* Begin PBXVariantGroup section */
		BE390B902001488D00CFD46B /* Main.storyboard */ = {
			isa = PBXVariantGroup;
			children = (
				BE390B912001488D00CFD46B /* Base */,
			);
			name = Main.storyboard;
			sourceTree = "<group>";
		};
		BE390B952001488D00CFD46B /* LaunchScreen.storyboard */ = {
			isa = PBXVariantGroup;
			children = (
				BE390B962001488D00CFD46B /* Base */,
			);
			name = LaunchScreen.storyboard;
			sourceTree = "<group>";
		};
/* End PBXVariantGroup section */

/* Begin XCBuildConfiguration section */
		BE390B992001488D00CFD46B /* Debug */ = {
			isa = XCBuildConfiguration;
			buildSettings = {
				ALWAYS_SEARCH_USER_PATHS = NO;
				CLANG_ANALYZER_NONNULL = YES;
				CLANG_ANALYZER_NUMBER_OBJECT_CONVERSION = YES_AGGRESSIVE;
				CLANG_CXX_LANGUAGE_STANDARD = "gnu++14";
				CLANG_CXX_LIBRARY = "libc++";
				CLANG_ENABLE_MODULES = YES;
				CLANG_ENABLE_OBJC_ARC = YES;
				CLANG_WARN_BLOCK_CAPTURE_AUTORELEASING = YES;
				CLANG_WARN_BOOL_CONVERSION = YES;
				CLANG_WARN_COMMA = YES;
				CLANG_WARN_CONSTANT_CONVERSION = YES;
				CLANG_WARN_DIRECT_OBJC_ISA_USAGE = YES_ERROR;
				CLANG_WARN_DOCUMENTATION_COMMENTS = YES;
				CLANG_WARN_EMPTY_BODY = YES;
				CLANG_WARN_ENUM_CONVERSION = YES;
				CLANG_WARN_INFINITE_RECURSION = YES;
				CLANG_WARN_INT_CONVERSION = YES;
				CLANG_WARN_NON_LITERAL_NULL_CONVERSION = YES;
				CLANG_WARN_OBJC_LITERAL_CONVERSION = YES;
				CLANG_WARN_OBJC_ROOT_CLASS = YES_ERROR;
				CLANG_WARN_RANGE_LOOP_ANALYSIS = YES;
				CLANG_WARN_STRICT_PROTOTYPES = YES;
				CLANG_WARN_SUSPICIOUS_MOVE = YES;
				CLANG_WARN_UNGUARDED_AVAILABILITY = YES_AGGRESSIVE;
				CLANG_WARN_UNREACHABLE_CODE = YES;
				CLANG_WARN__DUPLICATE_METHOD_MATCH = YES;
				CODE_SIGN_IDENTITY = "iPhone Developer";
				COPY_PHASE_STRIP = NO;
				DEBUG_INFORMATION_FORMAT = dwarf;
				ENABLE_STRICT_OBJC_MSGSEND = YES;
				ENABLE_TESTABILITY = YES;
				GCC_C_LANGUAGE_STANDARD = gnu11;
				GCC_DYNAMIC_NO_PIC = NO;
				GCC_NO_COMMON_BLOCKS = YES;
				GCC_OPTIMIZATION_LEVEL = 0;
				GCC_PREPROCESSOR_DEFINITIONS = (
					"DEBUG=1",
					"$(inherited)",
				);
				GCC_WARN_64_TO_32_BIT_CONVERSION = YES;
				GCC_WARN_ABOUT_RETURN_TYPE = YES_ERROR;
				GCC_WARN_UNDECLARED_SELECTOR = YES;
				GCC_WARN_UNINITIALIZED_AUTOS = YES_AGGRESSIVE;
				GCC_WARN_UNUSED_FUNCTION = YES;
				GCC_WARN_UNUSED_VARIABLE = YES;
				IPHONEOS_DEPLOYMENT_TARGET = 11.2;
				MTL_ENABLE_DEBUG_INFO = YES;
				ONLY_ACTIVE_ARCH = YES;
				SDKROOT = iphoneos;
				SWIFT_ACTIVE_COMPILATION_CONDITIONS = DEBUG;
				SWIFT_OPTIMIZATION_LEVEL = "-Onone";
			};
			name = Debug;
		};
		BE390B9A2001488D00CFD46B /* Release */ = {
			isa = XCBuildConfiguration;
			buildSettings = {
				ALWAYS_SEARCH_USER_PATHS = NO;
				CLANG_ANALYZER_NONNULL = YES;
				CLANG_ANALYZER_NUMBER_OBJECT_CONVERSION = YES_AGGRESSIVE;
				CLANG_CXX_LANGUAGE_STANDARD = "gnu++14";
				CLANG_CXX_LIBRARY = "libc++";
				CLANG_ENABLE_MODULES = YES;
				CLANG_ENABLE_OBJC_ARC = YES;
				CLANG_WARN_BLOCK_CAPTURE_AUTORELEASING = YES;
				CLANG_WARN_BOOL_CONVERSION = YES;
				CLANG_WARN_COMMA = YES;
				CLANG_WARN_CONSTANT_CONVERSION = YES;
				CLANG_WARN_DIRECT_OBJC_ISA_USAGE = YES_ERROR;
				CLANG_WARN_DOCUMENTATION_COMMENTS = YES;
				CLANG_WARN_EMPTY_BODY = YES;
				CLANG_WARN_ENUM_CONVERSION = YES;
				CLANG_WARN_INFINITE_RECURSION = YES;
				CLANG_WARN_INT_CONVERSION = YES;
				CLANG_WARN_NON_LITERAL_NULL_CONVERSION = YES;
				CLANG_WARN_OBJC_LITERAL_CONVERSION = YES;
				CLANG_WARN_OBJC_ROOT_CLASS = YES_ERROR;
				CLANG_WARN_RANGE_LOOP_ANALYSIS = YES;
				CLANG_WARN_STRICT_PROTOTYPES = YES;
				CLANG_WARN_SUSPICIOUS_MOVE = YES;
				CLANG_WARN_UNGUARDED_AVAILABILITY = YES_AGGRESSIVE;
				CLANG_WARN_UNREACHABLE_CODE = YES;
				CLANG_WARN__DUPLICATE_METHOD_MATCH = YES;
				CODE_SIGN_IDENTITY = "iPhone Developer";
				COPY_PHASE_STRIP = NO;
				DEBUG_INFORMATION_FORMAT = "dwarf-with-dsym";
				ENABLE_NS_ASSERTIONS = NO;
				ENABLE_STRICT_OBJC_MSGSEND = YES;
				GCC_C_LANGUAGE_STANDARD = gnu11;
				GCC_NO_COMMON_BLOCKS = YES;
				GCC_WARN_64_TO_32_BIT_CONVERSION = YES;
				GCC_WARN_ABOUT_RETURN_TYPE = YES_ERROR;
				GCC_WARN_UNDECLARED_SELECTOR = YES;
				GCC_WARN_UNINITIALIZED_AUTOS = YES_AGGRESSIVE;
				GCC_WARN_UNUSED_FUNCTION = YES;
				GCC_WARN_UNUSED_VARIABLE = YES;
				IPHONEOS_DEPLOYMENT_TARGET = 11.2;
				MTL_ENABLE_DEBUG_INFO = NO;
				SDKROOT = iphoneos;
				SWIFT_OPTIMIZATION_LEVEL = "-Owholemodule";
				VALIDATE_PRODUCT = YES;
			};
			name = Release;
		};
		BE390B9C2001488D00CFD46B /* Debug */ = {
			isa = XCBuildConfiguration;
			baseConfigurationReference = 12326CE732BB79C8E07E3DF8 /* Pods-MoonAlarm.debug.xcconfig */;
			buildSettings = {
				ASSETCATALOG_COMPILER_APPICON_NAME = AppIcon;
				"CODE_SIGN_IDENTITY[sdk=iphoneos*]" = "iPhone Developer";
				CODE_SIGN_STYLE = Automatic;
				DEVELOPMENT_TEAM = 9TGE3BXSJD;
				INFOPLIST_FILE = MoonAlarm/Info.plist;
				LD_RUNPATH_SEARCH_PATHS = "$(inherited) @executable_path/Frameworks";
				PRODUCT_BUNDLE_IDENTIFIER = vaczoway.MoonAlarm;
				PRODUCT_NAME = "$(TARGET_NAME)";
				PROVISIONING_PROFILE_SPECIFIER = "";
				SWIFT_VERSION = 4.0;
				TARGETED_DEVICE_FAMILY = "1,2";
			};
			name = Debug;
		};
		BE390B9D2001488D00CFD46B /* Release */ = {
			isa = XCBuildConfiguration;
			baseConfigurationReference = 3C27DFFC651EBF346E22BAD9 /* Pods-MoonAlarm.release.xcconfig */;
			buildSettings = {
				ASSETCATALOG_COMPILER_APPICON_NAME = AppIcon;
				"CODE_SIGN_IDENTITY[sdk=iphoneos*]" = "iPhone Developer";
				CODE_SIGN_STYLE = Automatic;
				DEVELOPMENT_TEAM = 9TGE3BXSJD;
				INFOPLIST_FILE = MoonAlarm/Info.plist;
				LD_RUNPATH_SEARCH_PATHS = "$(inherited) @executable_path/Frameworks";
				PRODUCT_BUNDLE_IDENTIFIER = vaczoway.MoonAlarm;
				PRODUCT_NAME = "$(TARGET_NAME)";
				PROVISIONING_PROFILE_SPECIFIER = "";
				SWIFT_VERSION = 4.0;
				TARGETED_DEVICE_FAMILY = "1,2";
			};
			name = Release;
		};
/* End XCBuildConfiguration section */

/* Begin XCConfigurationList section */
		BE390B842001488D00CFD46B /* Build configuration list for PBXProject "MoonAlarm" */ = {
			isa = XCConfigurationList;
			buildConfigurations = (
				BE390B992001488D00CFD46B /* Debug */,
				BE390B9A2001488D00CFD46B /* Release */,
			);
			defaultConfigurationIsVisible = 0;
			defaultConfigurationName = Release;
		};
		BE390B9B2001488D00CFD46B /* Build configuration list for PBXNativeTarget "MoonAlarm" */ = {
			isa = XCConfigurationList;
			buildConfigurations = (
				BE390B9C2001488D00CFD46B /* Debug */,
				BE390B9D2001488D00CFD46B /* Release */,
			);
			defaultConfigurationIsVisible = 0;
			defaultConfigurationName = Release;
		};
/* End XCConfigurationList section */
	};
	rootObject = BE390B812001488D00CFD46B /* Project object */;
}
